{
  "requires": true,
  "lockfileVersion": 1,
  "dependencies": {
    "adminbsb-materialdesign": {
      "version": "1.0.5",
      "resolved": "https://registry.npmjs.org/adminbsb-materialdesign/-/adminbsb-materialdesign-1.0.5.tgz",
      "integrity": "sha512-yKeGXHGvfR3awFO14qdzd6v5JMFLAfsF80I9bjHxOMpfuwPH1A6t3uIcHvORz0PWUPlBcgII5ijaXPD2ECOa1w=="
    },
    "bootstrap": {
      "version": "4.1.1",
      "resolved": "https://registry.npmjs.org/bootstrap/-/bootstrap-4.1.1.tgz",
      "integrity": "sha512-SpiDSOcbg4J/PjVSt4ny5eY6j74VbVSjROY4Fb/WIUXBV9cnb5luyR4KnPvNoXuGnBK1T+nJIWqRsvU3yP8Mcg=="
    },
    "jquery": {
      "version": "3.3.1",
      "resolved": "https://registry.npmjs.org/jquery/-/jquery-3.3.1.tgz",
      "integrity": "sha512-Ubldcmxp5np52/ENotGxlLe6aGMvmF4R8S6tZjsP6Knsaxd/xp3Zrh50cG93lR6nPXyUFwzN3ZSOQI0wRJNdGg=="
    },
    "propellerkit": {
      "version": "1.3.1",
      "resolved": "https://registry.npmjs.org/propellerkit/-/propellerkit-1.3.1.tgz",
      "integrity": "sha1-Weornqewx8GETK5uozlFehjWoeg=",
      "requires": {
        "bootstrap": "3.3.7",
        "jquery": "3.3.1"
      },
      "dependencies": {
        "bootstrap": {
          "version": "3.3.7",
          "resolved": "https://registry.npmjs.org/bootstrap/-/bootstrap-3.3.7.tgz",
          "integrity": "sha1-WjiTlFSfIzMIdaOxUGVldPip63E="
        }
      }
    }
  }
}
