{
  "requires": true,
  "lockfileVersion": 1,
  "dependencies": {
    "adminbsb-materialdesign": {
      "version": "1.0.5",
      "resolved": "https://registry.npmjs.org/adminbsb-materialdesign/-/adminbsb-materialdesign-1.0.5.tgz",
      "integrity": "sha512-yKeGXHGvfR3awFO14qdzd6v5JMFLAfsF80I9bjHxOMpfuwPH1A6t3uIcHvORz0PWUPlBcgII5ijaXPD2ECOa1w=="
    }
  }
}
